
Microsoft Visual Studio Solution File, Format Version 12.00
# Visual Studio Version 17
VisualStudioVersion = 17.4.33110.190
MinimumVisualStudioVersion = 10.0.40219.1
Project("{FAE04EC0-301F-11D3-BF4B-00C04F79EFBC}") = "AddressBookSql", "AddressBookSql.csproj", "{A00EA757-9B40-4872-8C2D-FAD4F854D1A9}"
EndProject
Global
	GlobalSection(SolutionConfigurationPlatforms) = preSolution
		Debug|Any CPU = Debug|Any CPU
		Release|Any CPU = Release|Any CPU
	EndGlobalSection
	GlobalSection(ProjectConfigurationPlatforms) = postSolution
		{A00EA757-9B40-4872-8C2D-FAD4F854D1A9}.Debug|Any CPU.ActiveCfg = Debug|Any CPU
		{A00EA757-9B40-4872-8C2D-FAD4F854D1A9}.Debug|Any CPU.Build.0 = Debug|Any CPU
		{A00EA757-9B40-4872-8C2D-FAD4F854D1A9}.Release|Any CPU.ActiveCfg = Release|Any CPU
		{A00EA757-9B40-4872-8C2D-FAD4F854D1A9}.Release|Any CPU.Build.0 = Release|Any CPU
	EndGlobalSection
	GlobalSection(SolutionProperties) = preSolution
		HideSolutionNode = FALSE
	EndGlobalSection
	GlobalSection(ExtensibilityGlobals) = postSolution
		SolutionGuid = {60EDB6AE-308D-4C84-8574-F2032F4FF5E0}
	EndGlobalSection
EndGlobal
